
Microsoft Visual Studio Solution File, Format Version 12.00
# Visual Studio 14
VisualStudioVersion = 14.0.25420.1
MinimumVisualStudioVersion = 10.0.40219.1
Project("{FAE04EC0-301F-11D3-BF4B-00C04F79EFBC}") = "Number1_10", "Number1_10\Number1_10.csproj", "{AADC696E-805E-40F5-984B-4AFF5F822F95}"
EndProject
Global
	GlobalSection(SolutionConfigurationPlatforms) = preSolution
		Debug|Any CPU = Debug|Any CPU
		Release|Any CPU = Release|Any CPU
	EndGlobalSection
	GlobalSection(ProjectConfigurationPlatforms) = postSolution
		{AADC696E-805E-40F5-984B-4AFF5F822F95}.Debug|Any CPU.ActiveCfg = Debug|Any CPU
		{AADC696E-805E-40F5-984B-4AFF5F822F95}.Debug|Any CPU.Build.0 = Debug|Any CPU
		{AADC696E-805E-40F5-984B-4AFF5F822F95}.Release|Any CPU.ActiveCfg = Release|Any CPU
		{AADC696E-805E-40F5-984B-4AFF5F822F95}.Release|Any CPU.Build.0 = Release|Any CPU
	EndGlobalSection
	GlobalSection(SolutionProperties) = preSolution
		HideSolutionNode = FALSE
	EndGlobalSection
EndGlobal
