
Microsoft Visual Studio Solution File, Format Version 12.00
# Visual Studio 14
VisualStudioVersion = 14.0.25420.1
MinimumVisualStudioVersion = 10.0.40219.1
Project("{FAE04EC0-301F-11D3-BF4B-00C04F79EFBC}") = "ExcellentResult", "ExcellentResult\ExcellentResult.csproj", "{CCB1A492-B531-4E2E-ACFE-B4FB48DBD803}"
EndProject
Global
	GlobalSection(SolutionConfigurationPlatforms) = preSolution
		Debug|Any CPU = Debug|Any CPU
		Release|Any CPU = Release|Any CPU
	EndGlobalSection
	GlobalSection(ProjectConfigurationPlatforms) = postSolution
		{CCB1A492-B531-4E2E-ACFE-B4FB48DBD803}.Debug|Any CPU.ActiveCfg = Debug|Any CPU
		{CCB1A492-B531-4E2E-ACFE-B4FB48DBD803}.Debug|Any CPU.Build.0 = Debug|Any CPU
		{CCB1A492-B531-4E2E-ACFE-B4FB48DBD803}.Release|Any CPU.ActiveCfg = Release|Any CPU
		{CCB1A492-B531-4E2E-ACFE-B4FB48DBD803}.Release|Any CPU.Build.0 = Release|Any CPU
	EndGlobalSection
	GlobalSection(SolutionProperties) = preSolution
		HideSolutionNode = FALSE
	EndGlobalSection
EndGlobal
